
Microsoft Visual Studio Solution File, Format Version 12.00
# Visual Studio Version 17
VisualStudioVersion = 17.0.32126.317
MinimumVisualStudioVersion = 10.0.40219.1
Project("{2150E333-8FDC-42A3-9474-1A3956D46DE8}") = "Services", "Services", "{F91F6B0C-65B4-4688-A15D-2784AA142DC8}"
EndProject
Project("{2150E333-8FDC-42A3-9474-1A3956D46DE8}") = "Catalog", "Catalog", "{7AD2CE48-D497-4C9C-9EAD-6E07AEE5CDFD}"
EndProject
Project("{9A19103F-16F7-4668-BE54-9A1E7A4F7556}") = "CatalogAPI", "Services\Catalog\CatalogAPI\CatalogAPI.csproj", "{AB102A7C-307A-4C4E-BF72-937AE5289F7F}"
EndProject
Project("{E53339B2-1760-4266-BCC7-CA923CBCF16C}") = "docker-compose", "docker-compose.dcproj", "{1D720BCF-54D7-4206-87EA-1850E0B401EC}"
EndProject
Project("{2150E333-8FDC-42A3-9474-1A3956D46DE8}") = "Basket", "Basket", "{0DF8FEBF-A408-4957-85B9-2AF53122E938}"
EndProject
Project("{9A19103F-16F7-4668-BE54-9A1E7A4F7556}") = "BasketAPI", "Services\Basket\BasketAPI\BasketAPI.csproj", "{2858F72C-A201-4048-BF46-2B3F0C71DA21}"
EndProject
Project("{2150E333-8FDC-42A3-9474-1A3956D46DE8}") = "Discount", "Discount", "{403CA85F-AE09-4B3D-887B-EFA7AE20E61F}"
EndProject
Project("{FAE04EC0-301F-11D3-BF4B-00C04F79EFBC}") = "DiscountAPI", "Services\Discount\DiscountAPI\DiscountAPI.csproj", "{5183D6DC-E935-4850-AAA2-A5B241671B77}"
EndProject
Global
	GlobalSection(SolutionConfigurationPlatforms) = preSolution
		Debug|Any CPU = Debug|Any CPU
		Release|Any CPU = Release|Any CPU
	EndGlobalSection
	GlobalSection(ProjectConfigurationPlatforms) = postSolution
		{AB102A7C-307A-4C4E-BF72-937AE5289F7F}.Debug|Any CPU.ActiveCfg = Debug|Any CPU
		{AB102A7C-307A-4C4E-BF72-937AE5289F7F}.Debug|Any CPU.Build.0 = Debug|Any CPU
		{AB102A7C-307A-4C4E-BF72-937AE5289F7F}.Release|Any CPU.ActiveCfg = Release|Any CPU
		{AB102A7C-307A-4C4E-BF72-937AE5289F7F}.Release|Any CPU.Build.0 = Release|Any CPU
		{1D720BCF-54D7-4206-87EA-1850E0B401EC}.Debug|Any CPU.ActiveCfg = Debug|Any CPU
		{1D720BCF-54D7-4206-87EA-1850E0B401EC}.Debug|Any CPU.Build.0 = Debug|Any CPU
		{1D720BCF-54D7-4206-87EA-1850E0B401EC}.Release|Any CPU.ActiveCfg = Release|Any CPU
		{1D720BCF-54D7-4206-87EA-1850E0B401EC}.Release|Any CPU.Build.0 = Release|Any CPU
		{2858F72C-A201-4048-BF46-2B3F0C71DA21}.Debug|Any CPU.ActiveCfg = Debug|Any CPU
		{2858F72C-A201-4048-BF46-2B3F0C71DA21}.Debug|Any CPU.Build.0 = Debug|Any CPU
		{2858F72C-A201-4048-BF46-2B3F0C71DA21}.Release|Any CPU.ActiveCfg = Release|Any CPU
		{2858F72C-A201-4048-BF46-2B3F0C71DA21}.Release|Any CPU.Build.0 = Release|Any CPU
		{5183D6DC-E935-4850-AAA2-A5B241671B77}.Debug|Any CPU.ActiveCfg = Debug|Any CPU
		{5183D6DC-E935-4850-AAA2-A5B241671B77}.Debug|Any CPU.Build.0 = Debug|Any CPU
		{5183D6DC-E935-4850-AAA2-A5B241671B77}.Release|Any CPU.ActiveCfg = Release|Any CPU
		{5183D6DC-E935-4850-AAA2-A5B241671B77}.Release|Any CPU.Build.0 = Release|Any CPU
	EndGlobalSection
	GlobalSection(SolutionProperties) = preSolution
		HideSolutionNode = FALSE
	EndGlobalSection
	GlobalSection(NestedProjects) = preSolution
		{7AD2CE48-D497-4C9C-9EAD-6E07AEE5CDFD} = {F91F6B0C-65B4-4688-A15D-2784AA142DC8}
		{AB102A7C-307A-4C4E-BF72-937AE5289F7F} = {7AD2CE48-D497-4C9C-9EAD-6E07AEE5CDFD}
		{0DF8FEBF-A408-4957-85B9-2AF53122E938} = {F91F6B0C-65B4-4688-A15D-2784AA142DC8}
		{2858F72C-A201-4048-BF46-2B3F0C71DA21} = {0DF8FEBF-A408-4957-85B9-2AF53122E938}
		{403CA85F-AE09-4B3D-887B-EFA7AE20E61F} = {F91F6B0C-65B4-4688-A15D-2784AA142DC8}
		{5183D6DC-E935-4850-AAA2-A5B241671B77} = {403CA85F-AE09-4B3D-887B-EFA7AE20E61F}
	EndGlobalSection
	GlobalSection(ExtensibilityGlobals) = postSolution
		SolutionGuid = {B201F526-D4A7-448B-9ACE-750CCEF9CDEB}
	EndGlobalSection
EndGlobal
